
Microsoft Visual Studio Solution File, Format Version 12.00
# Visual Studio 15
VisualStudioVersion = 15.0.28307.168
MinimumVisualStudioVersion = 10.0.40219.1
Project("{FAE04EC0-301F-11D3-BF4B-00C04F79EFBC}") = "EmitMessageTopic", "EmitMessageTopic\EmitMessageTopic.csproj", "{3EA473F2-1CA5-4DAD-B8EC-860C8CAE0588}"
EndProject
Global
	GlobalSection(SolutionConfigurationPlatforms) = preSolution
		Debug|Any CPU = Debug|Any CPU
		Release|Any CPU = Release|Any CPU
	EndGlobalSection
	GlobalSection(ProjectConfigurationPlatforms) = postSolution
		{3EA473F2-1CA5-4DAD-B8EC-860C8CAE0588}.Debug|Any CPU.ActiveCfg = Debug|Any CPU
		{3EA473F2-1CA5-4DAD-B8EC-860C8CAE0588}.Debug|Any CPU.Build.0 = Debug|Any CPU
		{3EA473F2-1CA5-4DAD-B8EC-860C8CAE0588}.Release|Any CPU.ActiveCfg = Release|Any CPU
		{3EA473F2-1CA5-4DAD-B8EC-860C8CAE0588}.Release|Any CPU.Build.0 = Release|Any CPU
	EndGlobalSection
	GlobalSection(SolutionProperties) = preSolution
		HideSolutionNode = FALSE
	EndGlobalSection
	GlobalSection(ExtensibilityGlobals) = postSolution
		SolutionGuid = {617F3B0E-07DA-4C24-894B-9271A9CC7E89}
	EndGlobalSection
EndGlobal
