
Microsoft Visual Studio Solution File, Format Version 12.00
# Visual Studio 15
VisualStudioVersion = 15.0.28307.168
MinimumVisualStudioVersion = 10.0.40219.1
Project("{FAE04EC0-301F-11D3-BF4B-00C04F79EFBC}") = "Procucer", "Procucer\Procucer.csproj", "{EEDBA212-EEA4-431C-AF90-9761A0278316}"
EndProject
Global
	GlobalSection(SolutionConfigurationPlatforms) = preSolution
		Debug|Any CPU = Debug|Any CPU
		Release|Any CPU = Release|Any CPU
	EndGlobalSection
	GlobalSection(ProjectConfigurationPlatforms) = postSolution
		{EEDBA212-EEA4-431C-AF90-9761A0278316}.Debug|Any CPU.ActiveCfg = Debug|Any CPU
		{EEDBA212-EEA4-431C-AF90-9761A0278316}.Debug|Any CPU.Build.0 = Debug|Any CPU
		{EEDBA212-EEA4-431C-AF90-9761A0278316}.Release|Any CPU.ActiveCfg = Release|Any CPU
		{EEDBA212-EEA4-431C-AF90-9761A0278316}.Release|Any CPU.Build.0 = Release|Any CPU
	EndGlobalSection
	GlobalSection(SolutionProperties) = preSolution
		HideSolutionNode = FALSE
	EndGlobalSection
	GlobalSection(ExtensibilityGlobals) = postSolution
		SolutionGuid = {8348DD81-B306-42A1-9282-B7876ED546F3}
	EndGlobalSection
EndGlobal
